
Microsoft Visual Studio Solution File, Format Version 9.00
# Visual Studio 2005
Project("{2150E333-8FDC-42A3-9474-1A3956D46DE8}") = "Security Application Block", "Security Application Block", "{1E863E76-53C5-48C6-97B0-7CD1417946B3}"
EndProject
Project("{2150E333-8FDC-42A3-9474-1A3956D46DE8}") = "Referenced Projects", "Referenced Projects", "{9D6DA352-E355-409F-9EED-7C786A6E672D}"
EndProject
Project("{FAE04EC0-301F-11D3-BF4B-00C04F79EFBC}") = "ObjectBuilder", "..\ObjectBuilder\ObjectBuilder.csproj", "{2AE49F19-392B-4C50-A13C-F49B2579849D}"
EndProject
Project("{FAE04EC0-301F-11D3-BF4B-00C04F79EFBC}") = "Common", "..\Common\Common.csproj", "{A09297C8-2C40-470B-8856-D856676DDFFA}"
EndProject
Project("{FAE04EC0-301F-11D3-BF4B-00C04F79EFBC}") = "Security", "Security.csproj", "{CF2CBDAD-4D43-45EA-9D40-4CD9CC7EE744}"
EndProject
Project("{FAE04EC0-301F-11D3-BF4B-00C04F79EFBC}") = "Security.AzMan", "AzMan\Security.AzMan.csproj", "{C39A7992-F015-432D-BD1D-F1326034BF0E}"
EndProject
Project("{FAE04EC0-301F-11D3-BF4B-00C04F79EFBC}") = "Security.Cache.CachingStore", "Cache\CachingStore\Security.Cache.CachingStore.csproj", "{933575C4-BCAC-47E0-B651-C57FBC5CE58E}"
EndProject
Project("{FAE04EC0-301F-11D3-BF4B-00C04F79EFBC}") = "Caching", "..\Caching\Caching.csproj", "{E725A5B4-A379-492F-89E3-3D8021376C3F}"
EndProject
Project("{2150E333-8FDC-42A3-9474-1A3956D46DE8}") = "Unit Tests", "Unit Tests", "{E7310368-CCD0-43E3-9325-96B48F903BD1}"
EndProject
Project("{2150E333-8FDC-42A3-9474-1A3956D46DE8}") = "Unit Tests", "Unit Tests", "{BF35D115-005B-497F-AE8C-F7DFFDD56E5F}"
EndProject
Project("{FAE04EC0-301F-11D3-BF4B-00C04F79EFBC}") = "Common.Tests.NUnit", "..\..\UnitTests\Common\Common.Tests.NUnit.csproj", "{02FC8CE2-2CB3-41B6-8516-0A27B99708A9}"
EndProject
Project("{FAE04EC0-301F-11D3-BF4B-00C04F79EFBC}") = "Security.Tests.NUnit", "..\..\UnitTests\Security\Security.Tests.NUnit.csproj", "{55D11839-8C79-4EBF-A574-0180F6653B97}"
EndProject
Project("{FAE04EC0-301F-11D3-BF4B-00C04F79EFBC}") = "Security.AzMan.Tests.NUnit", "..\..\UnitTests\Security\AzMan\Security.AzMan.Tests.NUnit.csproj", "{640FE5CB-C2D0-44E5-AB5B-47FF7B291C3E}"
EndProject
Project("{FAE04EC0-301F-11D3-BF4B-00C04F79EFBC}") = "Security.Cache.CachingStore.Tests.NUnit", "..\..\UnitTests\Security\Cache\CachingStore\Security.Cache.CachingStore.Tests.NUnit.csproj", "{40B0E919-E1F9-48F6-ADF8-5C3E8415F8CA}"
EndProject
Project("{2150E333-8FDC-42A3-9474-1A3956D46DE8}") = "Design", "Design", "{DA2F1AAC-E22C-47BB-8E63-B94AF1F004E1}"
EndProject
Project("{FAE04EC0-301F-11D3-BF4B-00C04F79EFBC}") = "Security.AzMan.Configuration.Design", "AzMan\Configuration\Design\Security.AzMan.Configuration.Design.csproj", "{5CD7043A-0C88-4BE8-892E-41232672497A}"
EndProject
Project("{FAE04EC0-301F-11D3-BF4B-00C04F79EFBC}") = "Security.Configuration.Design", "Configuration\Design\Security.Configuration.Design.csproj", "{69FE71D7-F198-4B7D-9715-E0FC04EC5660}"
EndProject
Project("{FAE04EC0-301F-11D3-BF4B-00C04F79EFBC}") = "Configuration.Design", "..\Configuration\Design\Configuration.Design.csproj", "{D6AAB55A-8C43-46B7-9EE4-EB8D1E1BFC17}"
EndProject
Project("{FAE04EC0-301F-11D3-BF4B-00C04F79EFBC}") = "Security.AzMan.Configuration.Design.Tests.NUnit", "..\..\UnitTests\Security\AzMan\Configuration\Design\Security.AzMan.Configuration.Design.Tests.NUnit.csproj", "{3080035C-E430-405F-B2BB-E36A60E9E0BD}"
EndProject
Project("{FAE04EC0-301F-11D3-BF4B-00C04F79EFBC}") = "Security.Configuration.Design.Tests.NUnit", "..\..\UnitTests\Security\Configuration\Design\Security.Configuration.Design.Tests.NUnit.csproj", "{9C00E443-6084-47BB-B38A-C7001D483562}"
EndProject
Project("{FAE04EC0-301F-11D3-BF4B-00C04F79EFBC}") = "Configuration.Design.Tests.NUnit", "..\..\UnitTests\Configuration\Design\Configuration.Design.Tests.NUnit.csproj", "{D248D0BF-23E9-42EF-AD9B-D924B056EDEF}"
EndProject
Project("{FAE04EC0-301F-11D3-BF4B-00C04F79EFBC}") = "Caching.Tests.NUnit", "..\..\UnitTests\Caching\Caching.Tests.NUnit.csproj", "{C2B20EFD-0147-4FF9-A7BD-86A40B78E83A}"
EndProject
Project("{FAE04EC0-301F-11D3-BF4B-00C04F79EFBC}") = "Security.Cache.CachingStore.Configuration.Design", "Cache\CachingStore\Configuration\Design\Security.Cache.CachingStore.Configuration.Design.csproj", "{028EE3EB-DF29-40D3-AD49-448B2DADAA1B}"
EndProject
Project("{FAE04EC0-301F-11D3-BF4B-00C04F79EFBC}") = "Security.Cache.CachingStore.Configuration.Design.Tests.NUnit", "..\..\UnitTests\Security\Cache\CachingStore\Configuration\Design\Security.Cache.CachingStore.Configuration.Design.Tests.NUnit.csproj", "{BC89CAE0-AB93-4B9A-8D6C-4A40A9DFC0D9}"
EndProject
Project("{FAE04EC0-301F-11D3-BF4B-00C04F79EFBC}") = "ObjectBuilder.Tests.NUnit", "..\..\UnitTests\ObjectBuilder\ObjectBuilder.Tests.NUnit.csproj", "{AA94DF49-2CB4-4A75-A6D8-C6BABDFBB490}"
EndProject
Project("{FAE04EC0-301F-11D3-BF4B-00C04F79EFBC}") = "Caching.Configuration.Design", "..\Caching\Configuration\Design\Caching.Configuration.Design.csproj", "{5D0720A3-A4A1-49CB-9E46-8C6CDD321514}"
EndProject
Global
	GlobalSection(SolutionConfigurationPlatforms) = preSolution
		Debug|Any CPU = Debug|Any CPU
		Release|Any CPU = Release|Any CPU
	EndGlobalSection
	GlobalSection(ProjectConfigurationPlatforms) = postSolution
		{2AE49F19-392B-4C50-A13C-F49B2579849D}.Debug|Any CPU.ActiveCfg = Debug|Any CPU
		{2AE49F19-392B-4C50-A13C-F49B2579849D}.Debug|Any CPU.Build.0 = Debug|Any CPU
		{2AE49F19-392B-4C50-A13C-F49B2579849D}.Release|Any CPU.ActiveCfg = Release|Any CPU
		{2AE49F19-392B-4C50-A13C-F49B2579849D}.Release|Any CPU.Build.0 = Release|Any CPU
		{A09297C8-2C40-470B-8856-D856676DDFFA}.Debug|Any CPU.ActiveCfg = Debug|Any CPU
		{A09297C8-2C40-470B-8856-D856676DDFFA}.Debug|Any CPU.Build.0 = Debug|Any CPU
		{A09297C8-2C40-470B-8856-D856676DDFFA}.Release|Any CPU.ActiveCfg = Release|Any CPU
		{A09297C8-2C40-470B-8856-D856676DDFFA}.Release|Any CPU.Build.0 = Release|Any CPU
		{CF2CBDAD-4D43-45EA-9D40-4CD9CC7EE744}.Debug|Any CPU.ActiveCfg = Debug|Any CPU
		{CF2CBDAD-4D43-45EA-9D40-4CD9CC7EE744}.Debug|Any CPU.Build.0 = Debug|Any CPU
		{CF2CBDAD-4D43-45EA-9D40-4CD9CC7EE744}.Release|Any CPU.ActiveCfg = Release|Any CPU
		{CF2CBDAD-4D43-45EA-9D40-4CD9CC7EE744}.Release|Any CPU.Build.0 = Release|Any CPU
		{C39A7992-F015-432D-BD1D-F1326034BF0E}.Debug|Any CPU.ActiveCfg = Debug|Any CPU
		{C39A7992-F015-432D-BD1D-F1326034BF0E}.Debug|Any CPU.Build.0 = Debug|Any CPU
		{C39A7992-F015-432D-BD1D-F1326034BF0E}.Release|Any CPU.ActiveCfg = Release|Any CPU
		{C39A7992-F015-432D-BD1D-F1326034BF0E}.Release|Any CPU.Build.0 = Release|Any CPU
		{933575C4-BCAC-47E0-B651-C57FBC5CE58E}.Debug|Any CPU.ActiveCfg = Debug|Any CPU
		{933575C4-BCAC-47E0-B651-C57FBC5CE58E}.Debug|Any CPU.Build.0 = Debug|Any CPU
		{933575C4-BCAC-47E0-B651-C57FBC5CE58E}.Release|Any CPU.ActiveCfg = Release|Any CPU
		{933575C4-BCAC-47E0-B651-C57FBC5CE58E}.Release|Any CPU.Build.0 = Release|Any CPU
		{E725A5B4-A379-492F-89E3-3D8021376C3F}.Debug|Any CPU.ActiveCfg = Debug|Any CPU
		{E725A5B4-A379-492F-89E3-3D8021376C3F}.Debug|Any CPU.Build.0 = Debug|Any CPU
		{E725A5B4-A379-492F-89E3-3D8021376C3F}.Release|Any CPU.ActiveCfg = Release|Any CPU
		{E725A5B4-A379-492F-89E3-3D8021376C3F}.Release|Any CPU.Build.0 = Release|Any CPU
		{02FC8CE2-2CB3-41B6-8516-0A27B99708A9}.Debug|Any CPU.ActiveCfg = Debug|Any CPU
		{02FC8CE2-2CB3-41B6-8516-0A27B99708A9}.Debug|Any CPU.Build.0 = Debug|Any CPU
		{02FC8CE2-2CB3-41B6-8516-0A27B99708A9}.Release|Any CPU.ActiveCfg = Release|Any CPU
		{02FC8CE2-2CB3-41B6-8516-0A27B99708A9}.Release|Any CPU.Build.0 = Release|Any CPU
		{55D11839-8C79-4EBF-A574-0180F6653B97}.Debug|Any CPU.ActiveCfg = Debug|Any CPU
		{55D11839-8C79-4EBF-A574-0180F6653B97}.Debug|Any CPU.Build.0 = Debug|Any CPU
		{55D11839-8C79-4EBF-A574-0180F6653B97}.Release|Any CPU.ActiveCfg = Release|Any CPU
		{55D11839-8C79-4EBF-A574-0180F6653B97}.Release|Any CPU.Build.0 = Release|Any CPU
		{640FE5CB-C2D0-44E5-AB5B-47FF7B291C3E}.Debug|Any CPU.ActiveCfg = Debug|Any CPU
		{640FE5CB-C2D0-44E5-AB5B-47FF7B291C3E}.Debug|Any CPU.Build.0 = Debug|Any CPU
		{640FE5CB-C2D0-44E5-AB5B-47FF7B291C3E}.Release|Any CPU.ActiveCfg = Release|Any CPU
		{640FE5CB-C2D0-44E5-AB5B-47FF7B291C3E}.Release|Any CPU.Build.0 = Release|Any CPU
		{40B0E919-E1F9-48F6-ADF8-5C3E8415F8CA}.Debug|Any CPU.ActiveCfg = Debug|Any CPU
		{40B0E919-E1F9-48F6-ADF8-5C3E8415F8CA}.Debug|Any CPU.Build.0 = Debug|Any CPU
		{40B0E919-E1F9-48F6-ADF8-5C3E8415F8CA}.Release|Any CPU.ActiveCfg = Release|Any CPU
		{40B0E919-E1F9-48F6-ADF8-5C3E8415F8CA}.Release|Any CPU.Build.0 = Release|Any CPU
		{5CD7043A-0C88-4BE8-892E-41232672497A}.Debug|Any CPU.ActiveCfg = Debug|Any CPU
		{5CD7043A-0C88-4BE8-892E-41232672497A}.Debug|Any CPU.Build.0 = Debug|Any CPU
		{5CD7043A-0C88-4BE8-892E-41232672497A}.Release|Any CPU.ActiveCfg = Release|Any CPU
		{5CD7043A-0C88-4BE8-892E-41232672497A}.Release|Any CPU.Build.0 = Release|Any CPU
		{69FE71D7-F198-4B7D-9715-E0FC04EC5660}.Debug|Any CPU.ActiveCfg = Debug|Any CPU
		{69FE71D7-F198-4B7D-9715-E0FC04EC5660}.Debug|Any CPU.Build.0 = Debug|Any CPU
		{69FE71D7-F198-4B7D-9715-E0FC04EC5660}.Release|Any CPU.ActiveCfg = Release|Any CPU
		{69FE71D7-F198-4B7D-9715-E0FC04EC5660}.Release|Any CPU.Build.0 = Release|Any CPU
		{D6AAB55A-8C43-46B7-9EE4-EB8D1E1BFC17}.Debug|Any CPU.ActiveCfg = Debug|Any CPU
		{D6AAB55A-8C43-46B7-9EE4-EB8D1E1BFC17}.Debug|Any CPU.Build.0 = Debug|Any CPU
		{D6AAB55A-8C43-46B7-9EE4-EB8D1E1BFC17}.Release|Any CPU.ActiveCfg = Release|Any CPU
		{D6AAB55A-8C43-46B7-9EE4-EB8D1E1BFC17}.Release|Any CPU.Build.0 = Release|Any CPU
		{3080035C-E430-405F-B2BB-E36A60E9E0BD}.Debug|Any CPU.ActiveCfg = Debug|Any CPU
		{3080035C-E430-405F-B2BB-E36A60E9E0BD}.Debug|Any CPU.Build.0 = Debug|Any CPU
		{3080035C-E430-405F-B2BB-E36A60E9E0BD}.Release|Any CPU.ActiveCfg = Release|Any CPU
		{3080035C-E430-405F-B2BB-E36A60E9E0BD}.Release|Any CPU.Build.0 = Release|Any CPU
		{9C00E443-6084-47BB-B38A-C7001D483562}.Debug|Any CPU.ActiveCfg = Debug|Any CPU
		{9C00E443-6084-47BB-B38A-C7001D483562}.Debug|Any CPU.Build.0 = Debug|Any CPU
		{9C00E443-6084-47BB-B38A-C7001D483562}.Release|Any CPU.ActiveCfg = Release|Any CPU
		{9C00E443-6084-47BB-B38A-C7001D483562}.Release|Any CPU.Build.0 = Release|Any CPU
		{D248D0BF-23E9-42EF-AD9B-D924B056EDEF}.Debug|Any CPU.ActiveCfg = Debug|Any CPU
		{D248D0BF-23E9-42EF-AD9B-D924B056EDEF}.Debug|Any CPU.Build.0 = Debug|Any CPU
		{D248D0BF-23E9-42EF-AD9B-D924B056EDEF}.Release|Any CPU.ActiveCfg = Release|Any CPU
		{D248D0BF-23E9-42EF-AD9B-D924B056EDEF}.Release|Any CPU.Build.0 = Release|Any CPU
		{C2B20EFD-0147-4FF9-A7BD-86A40B78E83A}.Debug|Any CPU.ActiveCfg = Debug|Any CPU
		{C2B20EFD-0147-4FF9-A7BD-86A40B78E83A}.Debug|Any CPU.Build.0 = Debug|Any CPU
		{C2B20EFD-0147-4FF9-A7BD-86A40B78E83A}.Release|Any CPU.ActiveCfg = Release|Any CPU
		{C2B20EFD-0147-4FF9-A7BD-86A40B78E83A}.Release|Any CPU.Build.0 = Release|Any CPU
		{028EE3EB-DF29-40D3-AD49-448B2DADAA1B}.Debug|Any CPU.ActiveCfg = Debug|Any CPU
		{028EE3EB-DF29-40D3-AD49-448B2DADAA1B}.Debug|Any CPU.Build.0 = Debug|Any CPU
		{028EE3EB-DF29-40D3-AD49-448B2DADAA1B}.Release|Any CPU.ActiveCfg = Release|Any CPU
		{028EE3EB-DF29-40D3-AD49-448B2DADAA1B}.Release|Any CPU.Build.0 = Release|Any CPU
		{BC89CAE0-AB93-4B9A-8D6C-4A40A9DFC0D9}.Debug|Any CPU.ActiveCfg = Debug|Any CPU
		{BC89CAE0-AB93-4B9A-8D6C-4A40A9DFC0D9}.Debug|Any CPU.Build.0 = Debug|Any CPU
		{BC89CAE0-AB93-4B9A-8D6C-4A40A9DFC0D9}.Release|Any CPU.ActiveCfg = Release|Any CPU
		{BC89CAE0-AB93-4B9A-8D6C-4A40A9DFC0D9}.Release|Any CPU.Build.0 = Release|Any CPU
		{AA94DF49-2CB4-4A75-A6D8-C6BABDFBB490}.Debug|Any CPU.ActiveCfg = Debug|Any CPU
		{AA94DF49-2CB4-4A75-A6D8-C6BABDFBB490}.Debug|Any CPU.Build.0 = Debug|Any CPU
		{AA94DF49-2CB4-4A75-A6D8-C6BABDFBB490}.Release|Any CPU.ActiveCfg = Release|Any CPU
		{AA94DF49-2CB4-4A75-A6D8-C6BABDFBB490}.Release|Any CPU.Build.0 = Release|Any CPU
		{5D0720A3-A4A1-49CB-9E46-8C6CDD321514}.Debug|Any CPU.ActiveCfg = Debug|Any CPU
		{5D0720A3-A4A1-49CB-9E46-8C6CDD321514}.Debug|Any CPU.Build.0 = Debug|Any CPU
		{5D0720A3-A4A1-49CB-9E46-8C6CDD321514}.Release|Any CPU.ActiveCfg = Release|Any CPU
		{5D0720A3-A4A1-49CB-9E46-8C6CDD321514}.Release|Any CPU.Build.0 = Release|Any CPU
	EndGlobalSection
	GlobalSection(SolutionProperties) = preSolution
		HideSolutionNode = FALSE
	EndGlobalSection
	GlobalSection(NestedProjects) = preSolution
		{CF2CBDAD-4D43-45EA-9D40-4CD9CC7EE744} = {1E863E76-53C5-48C6-97B0-7CD1417946B3}
		{C39A7992-F015-432D-BD1D-F1326034BF0E} = {1E863E76-53C5-48C6-97B0-7CD1417946B3}
		{933575C4-BCAC-47E0-B651-C57FBC5CE58E} = {1E863E76-53C5-48C6-97B0-7CD1417946B3}
		{BF35D115-005B-497F-AE8C-F7DFFDD56E5F} = {1E863E76-53C5-48C6-97B0-7CD1417946B3}
		{DA2F1AAC-E22C-47BB-8E63-B94AF1F004E1} = {1E863E76-53C5-48C6-97B0-7CD1417946B3}
		{2AE49F19-392B-4C50-A13C-F49B2579849D} = {9D6DA352-E355-409F-9EED-7C786A6E672D}
		{A09297C8-2C40-470B-8856-D856676DDFFA} = {9D6DA352-E355-409F-9EED-7C786A6E672D}
		{E725A5B4-A379-492F-89E3-3D8021376C3F} = {9D6DA352-E355-409F-9EED-7C786A6E672D}
		{E7310368-CCD0-43E3-9325-96B48F903BD1} = {9D6DA352-E355-409F-9EED-7C786A6E672D}
		{D6AAB55A-8C43-46B7-9EE4-EB8D1E1BFC17} = {9D6DA352-E355-409F-9EED-7C786A6E672D}
		{5D0720A3-A4A1-49CB-9E46-8C6CDD321514} = {9D6DA352-E355-409F-9EED-7C786A6E672D}
		{02FC8CE2-2CB3-41B6-8516-0A27B99708A9} = {E7310368-CCD0-43E3-9325-96B48F903BD1}
		{D248D0BF-23E9-42EF-AD9B-D924B056EDEF} = {E7310368-CCD0-43E3-9325-96B48F903BD1}
		{C2B20EFD-0147-4FF9-A7BD-86A40B78E83A} = {E7310368-CCD0-43E3-9325-96B48F903BD1}
		{AA94DF49-2CB4-4A75-A6D8-C6BABDFBB490} = {E7310368-CCD0-43E3-9325-96B48F903BD1}
		{55D11839-8C79-4EBF-A574-0180F6653B97} = {BF35D115-005B-497F-AE8C-F7DFFDD56E5F}
		{640FE5CB-C2D0-44E5-AB5B-47FF7B291C3E} = {BF35D115-005B-497F-AE8C-F7DFFDD56E5F}
		{40B0E919-E1F9-48F6-ADF8-5C3E8415F8CA} = {BF35D115-005B-497F-AE8C-F7DFFDD56E5F}
		{3080035C-E430-405F-B2BB-E36A60E9E0BD} = {BF35D115-005B-497F-AE8C-F7DFFDD56E5F}
		{9C00E443-6084-47BB-B38A-C7001D483562} = {BF35D115-005B-497F-AE8C-F7DFFDD56E5F}
		{BC89CAE0-AB93-4B9A-8D6C-4A40A9DFC0D9} = {BF35D115-005B-497F-AE8C-F7DFFDD56E5F}
		{5CD7043A-0C88-4BE8-892E-41232672497A} = {DA2F1AAC-E22C-47BB-8E63-B94AF1F004E1}
		{69FE71D7-F198-4B7D-9715-E0FC04EC5660} = {DA2F1AAC-E22C-47BB-8E63-B94AF1F004E1}
		{028EE3EB-DF29-40D3-AD49-448B2DADAA1B} = {DA2F1AAC-E22C-47BB-8E63-B94AF1F004E1}
	EndGlobalSection
EndGlobal
