
Microsoft Visual Studio Solution File, Format Version 9.00
# Visual Studio 2005
Project("{FAE04EC0-301F-11D3-BF4B-00C04F79EFBC}") = "NCS.Utilities", "Utilities\NCS.Utilities.csproj", "{16DF1E46-81C1-443F-A01F-3BA958F06EBD}"
EndProject
Project("{FAE04EC0-301F-11D3-BF4B-00C04F79EFBC}") = "NCS.Web", "Web\NCS.Web.csproj", "{B5ABAAD1-2D1B-43BA-89E8-573A535ABAF6}"
EndProject
Project("{FAE04EC0-301F-11D3-BF4B-00C04F79EFBC}") = "NCS.Windows", "Windows\NCS.Windows.csproj", "{133A2E1E-5DA7-4690-AC48-80CA062A7E1D}"
EndProject
Global
	GlobalSection(SolutionConfigurationPlatforms) = preSolution
		Debug|Any CPU = Debug|Any CPU
		Release|Any CPU = Release|Any CPU
	EndGlobalSection
	GlobalSection(ProjectConfigurationPlatforms) = postSolution
		{16DF1E46-81C1-443F-A01F-3BA958F06EBD}.Debug|Any CPU.ActiveCfg = Debug|Any CPU
		{16DF1E46-81C1-443F-A01F-3BA958F06EBD}.Debug|Any CPU.Build.0 = Debug|Any CPU
		{16DF1E46-81C1-443F-A01F-3BA958F06EBD}.Release|Any CPU.ActiveCfg = Release|Any CPU
		{16DF1E46-81C1-443F-A01F-3BA958F06EBD}.Release|Any CPU.Build.0 = Release|Any CPU
		{B5ABAAD1-2D1B-43BA-89E8-573A535ABAF6}.Debug|Any CPU.ActiveCfg = Debug|Any CPU
		{B5ABAAD1-2D1B-43BA-89E8-573A535ABAF6}.Debug|Any CPU.Build.0 = Debug|Any CPU
		{B5ABAAD1-2D1B-43BA-89E8-573A535ABAF6}.Release|Any CPU.ActiveCfg = Release|Any CPU
		{B5ABAAD1-2D1B-43BA-89E8-573A535ABAF6}.Release|Any CPU.Build.0 = Release|Any CPU
		{133A2E1E-5DA7-4690-AC48-80CA062A7E1D}.Debug|Any CPU.ActiveCfg = Debug|Any CPU
		{133A2E1E-5DA7-4690-AC48-80CA062A7E1D}.Debug|Any CPU.Build.0 = Debug|Any CPU
		{133A2E1E-5DA7-4690-AC48-80CA062A7E1D}.Release|Any CPU.ActiveCfg = Release|Any CPU
		{133A2E1E-5DA7-4690-AC48-80CA062A7E1D}.Release|Any CPU.Build.0 = Release|Any CPU
	EndGlobalSection
	GlobalSection(SolutionProperties) = preSolution
		HideSolutionNode = FALSE
	EndGlobalSection
EndGlobal
