Microsoft Visual Studio Solution File, Format Version 9.00
# Visual Studio 2005
Project("{FAE04EC0-301F-11D3-BF4B-00C04F79EFBC}") = "Security", "Src\Security\Security.csproj", "{CF2CBDAD-4D43-45EA-9D40-4CD9CC7EE744}"
EndProject
Project("{FAE04EC0-301F-11D3-BF4B-00C04F79EFBC}") = "Security.Cache.CachingStore", "Src\Security\Cache\CachingStore\Security.Cache.CachingStore.csproj", "{933575C4-BCAC-47E0-B651-C57FBC5CE58E}"
EndProject
Project("{FAE04EC0-301F-11D3-BF4B-00C04F79EFBC}") = "Security.Cryptography", "Src\Security\Cryptography\Security.Cryptography.csproj", "{6A4E6A8A-A39F-4643-BA9B-87AED00BB03E}"
EndProject
Project("{FAE04EC0-301F-11D3-BF4B-00C04F79EFBC}") = "Logging", "Src\Logging\Logging.csproj", "{6AC97717-899D-4F72-BC5B-2C37959CD4FF}"
EndProject
Project("{FAE04EC0-301F-11D3-BF4B-00C04F79EFBC}") = "Common", "Src\Common\Common.csproj", "{A09297C8-2C40-470B-8856-D856676DDFFA}"
EndProject
Project("{FAE04EC0-301F-11D3-BF4B-00C04F79EFBC}") = "Data", "Src\Data\Data.csproj", "{D349B6D8-992F-443F-BB57-57E50DD98794}"
EndProject
Project("{FAE04EC0-301F-11D3-BF4B-00C04F79EFBC}") = "Caching", "Src\Caching\Caching.csproj", "{E725A5B4-A379-492F-89E3-3D8021376C3F}"
EndProject
Project("{FAE04EC0-301F-11D3-BF4B-00C04F79EFBC}") = "Caching.Database", "Src\Caching\Database\Caching.Database.csproj", "{674B06A5-A61C-4546-8475-90D4A7FE31D8}"
EndProject
Project("{FAE04EC0-301F-11D3-BF4B-00C04F79EFBC}") = "ExceptionHandling", "Src\ExceptionHandling\ExceptionHandling.csproj", "{2DB0AD6D-BF59-4EBB-9F99-49ABD8539FD2}"
EndProject
Project("{FAE04EC0-301F-11D3-BF4B-00C04F79EFBC}") = "Caching.Cryptography", "Src\Caching\Cryptography\Caching.Cryptography.csproj", "{A03EA97B-97CB-41EF-A55D-15C6496D8943}"
EndProject
Project("{2150E333-8FDC-42A3-9474-1A3956D46DE8}") = "Solution Items", "Solution Items", "{8C169A4B-E77C-4507-A452-BDF1727864B6}"
	ProjectSection(SolutionItems) = preProject
		EnterpriseLibrary.msbuild = EnterpriseLibrary.msbuild
		Src\GlobalAssemblyInfo.cs = Src\GlobalAssemblyInfo.cs
		test.exe.config = test.exe.config
	EndProjectSection
EndProject
Project("{FAE04EC0-301F-11D3-BF4B-00C04F79EFBC}") = "ExceptionHandling.Tests.NUnit", "UnitTests\ExceptionHandling\ExceptionHandling.Tests.NUnit.csproj", "{708C6E4C-1380-44A6-ABE9-0C25E633AD85}"
EndProject
Project("{FAE04EC0-301F-11D3-BF4B-00C04F79EFBC}") = "Security.Tests.NUnit", "UnitTests\Security\Security.Tests.NUnit.csproj", "{55D11839-8C79-4EBF-A574-0180F6653B97}"
EndProject
Project("{FAE04EC0-301F-11D3-BF4B-00C04F79EFBC}") = "Security.Cryptography.Tests.NUnit", "UnitTests\Security\Cryptography\Security.Cryptography.Tests.NUnit.csproj", "{1C7F861B-FDF9-489F-8CBC-025165A78A03}"
EndProject
Project("{FAE04EC0-301F-11D3-BF4B-00C04F79EFBC}") = "Common.Tests.NUnit", "UnitTests\Common\Common.Tests.NUnit.csproj", "{02FC8CE2-2CB3-41B6-8516-0A27B99708A9}"
EndProject
Project("{FAE04EC0-301F-11D3-BF4B-00C04F79EFBC}") = "Logging.Tests.NUnit", "UnitTests\Logging\Logging.Tests.NUnit.csproj", "{4804DAD4-EE9C-45E4-A151-DCDE6D06EB61}"
EndProject
Project("{FAE04EC0-301F-11D3-BF4B-00C04F79EFBC}") = "ExceptionHandling.Logging", "Src\ExceptionHandling\Logging\ExceptionHandling.Logging.csproj", "{EC311AD3-0A26-4808-901B-A983E97E5790}"
EndProject
Project("{FAE04EC0-301F-11D3-BF4B-00C04F79EFBC}") = "ExceptionHandling.Logging.Tests.NUnit", "UnitTests\ExceptionHandling\Logging\ExceptionHandling.Logging.Tests.NUnit.csproj", "{5179BF96-3EDA-43DD-A636-D98E4C7BE7BC}"
EndProject
Project("{FAE04EC0-301F-11D3-BF4B-00C04F79EFBC}") = "Caching.Tests.NUnit", "UnitTests\Caching\Caching.Tests.NUnit.csproj", "{C2B20EFD-0147-4FF9-A7BD-86A40B78E83A}"
EndProject
Project("{FAE04EC0-301F-11D3-BF4B-00C04F79EFBC}") = "Caching.Cryptography.Tests.NUnit", "UnitTests\Caching\Cryptography\Caching.Cryptography.Tests.NUnit.csproj", "{6BB0E4E4-52F1-4398-99B6-017804715863}"
EndProject
Project("{FAE04EC0-301F-11D3-BF4B-00C04F79EFBC}") = "Caching.Database.Tests.NUnit", "UnitTests\Caching\Database\Caching.Database.Tests.NUnit.csproj", "{6E7B8CC6-1A33-4A04-899E-102F018F1A56}"
EndProject
Project("{FAE04EC0-301F-11D3-BF4B-00C04F79EFBC}") = "Caching.DatabaseAndCryptography.Tests.NUnit", "UnitTests\Caching\DatabaseAndCryptography\Caching.DatabaseAndCryptography.Tests.NUnit.csproj", "{4AC3ADAC-F35A-4809-B452-BA6D01E52FF0}"
EndProject
Project("{FAE04EC0-301F-11D3-BF4B-00C04F79EFBC}") = "Security.Cache.CachingStore.Tests.NUnit", "UnitTests\Security\Cache\CachingStore\Security.Cache.CachingStore.Tests.NUnit.csproj", "{40B0E919-E1F9-48F6-ADF8-5C3E8415F8CA}"
EndProject
Project("{FAE04EC0-301F-11D3-BF4B-00C04F79EFBC}") = "Logging.MsmqDistributor", "Src\Logging\MsmqDistributor\Logging.MsmqDistributor.csproj", "{808F5173-C16B-4599-9C2C-9A704A6BD59C}"
EndProject
Project("{FAE04EC0-301F-11D3-BF4B-00C04F79EFBC}") = "Logging.MsmqDistributor.Tests.NUnit", "UnitTests\Logging\MsmqDistributor\Logging.MsmqDistributor.Tests.NUnit.csproj", "{B2B1B817-E31B-4696-8F84-93296F170E22}"
EndProject
Project("{FAE04EC0-301F-11D3-BF4B-00C04F79EFBC}") = "Logging.Database", "Src\Logging\TraceListeners\Database\Logging.Database.csproj", "{5DC01A57-1DB2-48B9-AEB3-2BFAE9089FD7}"
EndProject
Project("{FAE04EC0-301F-11D3-BF4B-00C04F79EFBC}") = "Logging.Database.Tests.NUnit", "UnitTests\Logging\TraceListeners\Database\Logging.Database.Tests.NUnit.csproj", "{E0717C5B-A386-4296-AC23-20A0242CEFE8}"
EndProject
Project("{FAE04EC0-301F-11D3-BF4B-00C04F79EFBC}") = "ObjectBuilder", "Src\ObjectBuilder\ObjectBuilder.csproj", "{2AE49F19-392B-4C50-A13C-F49B2579849D}"
EndProject
Project("{2150E333-8FDC-42A3-9474-1A3956D46DE8}") = "Caching Application Block", "Caching Application Block", "{0AA202BA-CAFC-4FB3-9015-882B87D6AABF}"
EndProject
Project("{2150E333-8FDC-42A3-9474-1A3956D46DE8}") = "Cryptography Application Block", "Cryptography Application Block", "{132B4646-F516-4053-8DF7-D6DED1BD8C0B}"
EndProject
Project("{2150E333-8FDC-42A3-9474-1A3956D46DE8}") = "Core", "Core", "{D5AD3142-F3D8-413C-B207-D9F73B427466}"
EndProject
Project("{2150E333-8FDC-42A3-9474-1A3956D46DE8}") = "Data Access Application Block", "Data Access Application Block", "{2ED0ED5E-470C-4561-B928-2F9ADC647059}"
EndProject
Project("{2150E333-8FDC-42A3-9474-1A3956D46DE8}") = "Exception Handling Application Block", "Exception Handling Application Block", "{A46D3D71-58BA-47A2-A7E3-FC48F0FB60FC}"
EndProject
Project("{2150E333-8FDC-42A3-9474-1A3956D46DE8}") = "Logging Application Block", "Logging Application Block", "{7F5906DC-2F6D-4D9C-B7AC-AEAEB42182EF}"
EndProject
Project("{2150E333-8FDC-42A3-9474-1A3956D46DE8}") = "Security Application Block", "Security Application Block", "{0A9D92A1-6646-4330-BBB9-A1D7C83A7661}"
EndProject
Project("{2150E333-8FDC-42A3-9474-1A3956D46DE8}") = "Unit Tests", "Unit Tests", "{87CD8E72-FE86-46DD-8A71-2A09929EF56F}"
EndProject
Project("{2150E333-8FDC-42A3-9474-1A3956D46DE8}") = "Unit Tests", "Unit Tests", "{10437708-DEDA-438E-94A6-990E3604B641}"
EndProject
Project("{2150E333-8FDC-42A3-9474-1A3956D46DE8}") = "Unit Tests", "Unit Tests", "{B4D27C95-15E5-4F86-9029-68DF9B52E363}"
EndProject
Project("{2150E333-8FDC-42A3-9474-1A3956D46DE8}") = "Unit Tests", "Unit Tests", "{358A6123-9B8A-4270-9DED-8CF555F75680}"
EndProject
Project("{2150E333-8FDC-42A3-9474-1A3956D46DE8}") = "Unit Tests", "Unit Tests", "{94018E70-2278-402B-9490-8E008C4C2299}"
EndProject
Project("{2150E333-8FDC-42A3-9474-1A3956D46DE8}") = "Unit Tests", "Unit Tests", "{F9ACE635-F083-429B-B242-2C6516594E3D}"
EndProject
Project("{2150E333-8FDC-42A3-9474-1A3956D46DE8}") = "Unit Tests", "Unit Tests", "{EA5BABD3-6033-4B78-A4DC-46E0A10BD993}"
EndProject
Project("{FAE04EC0-301F-11D3-BF4B-00C04F79EFBC}") = "Configuration.Design.Tests.NUnit", "UnitTests\Configuration\Design\Configuration.Design.Tests.NUnit.csproj", "{D248D0BF-23E9-42EF-AD9B-D924B056EDEF}"
EndProject
Project("{2150E333-8FDC-42A3-9474-1A3956D46DE8}") = "Design", "Design", "{5076C5C0-5A17-4E6B-B548-92EA384E3961}"
EndProject
Project("{2150E333-8FDC-42A3-9474-1A3956D46DE8}") = "Design", "Design", "{42C38443-FCB2-4263-8D8A-3ECCEECB58F2}"
EndProject
Project("{FAE04EC0-301F-11D3-BF4B-00C04F79EFBC}") = "Caching.Configuration.Design", "Src\Caching\Configuration\Design\Caching.Configuration.Design.csproj", "{5D0720A3-A4A1-49CB-9E46-8C6CDD321514}"
EndProject
Project("{2150E333-8FDC-42A3-9474-1A3956D46DE8}") = "Design", "Design", "{D2ED75A3-42CE-45E4-9B9F-7A7E545AADE0}"
EndProject
Project("{2150E333-8FDC-42A3-9474-1A3956D46DE8}") = "Design", "Design", "{34202BFC-3172-4816-B686-A0E538073FC8}"
EndProject
Project("{FAE04EC0-301F-11D3-BF4B-00C04F79EFBC}") = "Data.Tests.NUnit", "UnitTests\Data\Data.Tests.NUnit.csproj", "{C10AAE86-F79E-430E-A5A4-FCDB9BB54AB0}"
EndProject
Project("{FAE04EC0-301F-11D3-BF4B-00C04F79EFBC}") = "Caching.Configuration.Design.Tests.NUnit", "UnitTests\Caching\Configuration\Design\Caching.Configuration.Design.Tests.NUnit.csproj", "{960B7D4C-A422-4080-8839-652AF0E297ED}"
EndProject
Project("{2150E333-8FDC-42A3-9474-1A3956D46DE8}") = "Design", "Design", "{A77658E3-F732-4C47-BC33-0EBD91FDD987}"
EndProject
Project("{FAE04EC0-301F-11D3-BF4B-00C04F79EFBC}") = "Logging.Configuration.Design", "Src\Logging\Configuration\Design\Logging.Configuration.Design.csproj", "{F80ABB9A-56C5-4FC8-82F2-0DFEAAAC97A3}"
EndProject
Project("{FAE04EC0-301F-11D3-BF4B-00C04F79EFBC}") = "Logging.Configuration.Design.Tests.NUnit", "UnitTests\Logging\Configuration\Design\Logging.Configuration.Design.Tests.NUnit.csproj", "{FB809D4D-E078-4010-8AE2-4A9D774480DF}"
EndProject
Project("{FAE04EC0-301F-11D3-BF4B-00C04F79EFBC}") = "Configuration.Design", "Src\Configuration\Design\Configuration.Design.csproj", "{D6AAB55A-8C43-46B7-9EE4-EB8D1E1BFC17}"
EndProject
Project("{2150E333-8FDC-42A3-9474-1A3956D46DE8}") = "Design", "Design", "{4891C6BA-7ADE-4B7E-B330-FDD79DD4AD04}"
EndProject
Project("{FAE04EC0-301F-11D3-BF4B-00C04F79EFBC}") = "Configuration.Console", "Src\Configuration\Console\Configuration.Console.csproj", "{3C6BB980-EA8F-4C2C-A72B-60C3BCE7515E}"
EndProject
Project("{FAE04EC0-301F-11D3-BF4B-00C04F79EFBC}") = "ExceptionHandling.Configuration.Design", "Src\ExceptionHandling\Configuration\Design\ExceptionHandling.Configuration.Design.csproj", "{3D0BE7D5-585F-4549-8490-B8E864298456}"
EndProject
Project("{FAE04EC0-301F-11D3-BF4B-00C04F79EFBC}") = "ExceptionHandling.Configuration.Design.Tests.NUnit", "UnitTests\ExceptionHandling\Configuration\Design\ExceptionHandling.Configuration.Design.Tests.NUnit.csproj", "{99E89A51-7AC5-47D8-8A44-86CC05BFBD70}"
EndProject
Project("{FAE04EC0-301F-11D3-BF4B-00C04F79EFBC}") = "ExceptionHandling.Logging.Configuration.Design", "Src\ExceptionHandling\Logging\Configuration\Design\ExceptionHandling.Logging.Configuration.Design.csproj", "{629381BA-FF3D-4DE1-8FE1-62FC75F0F1BD}"
EndProject
Project("{FAE04EC0-301F-11D3-BF4B-00C04F79EFBC}") = "ExceptionHandling.Logging.Configuration.Design.Tests.NUnit", "UnitTests\ExceptionHandling\Logging\Configuration\Design\ExceptionHandling.Logging.Configuration.Design.Tests.NUnit.csproj", "{C6F43E34-8293-4037-A0E7-D2454F99EA0A}"
EndProject
Project("{FAE04EC0-301F-11D3-BF4B-00C04F79EFBC}") = "Data.Configuration.Design", "Src\Data\Configuration\Design\Data.Configuration.Design.csproj", "{CAFC0505-DC56-4E86-A335-D8EB2B23325A}"
EndProject
Project("{FAE04EC0-301F-11D3-BF4B-00C04F79EFBC}") = "Data.Configuration.Design.Tests.NUnit", "UnitTests\Data\Configuration\Design\Data.Configuration.Design.Tests.NUnit.csproj", "{CC1F4547-EF33-4EBD-9EA5-9089A9178F42}"
EndProject
Project("{FAE04EC0-301F-11D3-BF4B-00C04F79EFBC}") = "Security.Configuration.Design", "Src\Security\Configuration\Design\Security.Configuration.Design.csproj", "{69FE71D7-F198-4B7D-9715-E0FC04EC5660}"
EndProject
Project("{FAE04EC0-301F-11D3-BF4B-00C04F79EFBC}") = "Security.Cache.CachingStore.Configuration.Design", "Src\Security\Cache\CachingStore\Configuration\Design\Security.Cache.CachingStore.Configuration.Design.csproj", "{028EE3EB-DF29-40D3-AD49-448B2DADAA1B}"
EndProject
Project("{FAE04EC0-301F-11D3-BF4B-00C04F79EFBC}") = "Security.Configuration.Design.Tests.NUnit", "UnitTests\Security\Configuration\Design\Security.Configuration.Design.Tests.NUnit.csproj", "{9C00E443-6084-47BB-B38A-C7001D483562}"
EndProject
Project("{FAE04EC0-301F-11D3-BF4B-00C04F79EFBC}") = "Security.Cache.CachingStore.Configuration.Design.Tests.NUnit", "UnitTests\Security\Cache\CachingStore\Configuration\Design\Security.Cache.CachingStore.Configuration.Design.Tests.NUnit.csproj", "{BC89CAE0-AB93-4B9A-8D6C-4A40A9DFC0D9}"
EndProject
Project("{FAE04EC0-301F-11D3-BF4B-00C04F79EFBC}") = "Logging.Database.Configuration.Design", "Src\Logging\TraceListeners\Database\Configuration\Design\Logging.Database.Configuration.Design.csproj", "{FCD01AB3-FFD9-4C57-A9A5-BDEE9AFBB12D}"
EndProject
Project("{FAE04EC0-301F-11D3-BF4B-00C04F79EFBC}") = "Caching.Database.Configuration.Design", "Src\Caching\Database\Configuration\Design\Caching.Database.Configuration.Design.csproj", "{E32223CC-B10C-4D3A-83F5-9CEA12469364}"
EndProject
Project("{FAE04EC0-301F-11D3-BF4B-00C04F79EFBC}") = "Caching.Database.Configuration.Design.Tests.NUnit", "UnitTests\Caching\Database\Configuration\Design\Caching.Database.Configuration.Design.Tests.NUnit.csproj", "{5A994D79-DE28-4ABD-B812-1D627E367AE4}"
EndProject
Project("{FAE04EC0-301F-11D3-BF4B-00C04F79EFBC}") = "Logging.Database.Configuration.Design.Tests.NUnit", "UnitTests\Logging\TraceListeners\Database\Configuration\Design\Logging.Database.Configuration.Design.Tests.NUnit.csproj", "{8C63207F-B823-44BA-ABDB-DE7A36E88452}"
EndProject
Project("{FAE04EC0-301F-11D3-BF4B-00C04F79EFBC}") = "Caching.Cryptography.Configuration.Design", "Src\Caching\Cryptography\Configuration\Design\Caching.Cryptography.Configuration.Design.csproj", "{8E175354-2764-459E-8B63-772E63F922E7}"
EndProject
Project("{FAE04EC0-301F-11D3-BF4B-00C04F79EFBC}") = "Caching.Cryptography.Configuration.Design.Tests.NUnit", "UnitTests\Caching\Cryptography\Configuration\Design\Caching.Cryptography.Configuration.Design.Tests.NUnit.csproj", "{3DDD0DA3-A2BE-4A3B-B8DB-42118B6E38F7}"
EndProject
Project("{2150E333-8FDC-42A3-9474-1A3956D46DE8}") = "Design", "Design", "{AE76B811-ADD5-4FF2-8109-26D1ACE04202}"
EndProject
Project("{FAE04EC0-301F-11D3-BF4B-00C04F79EFBC}") = "Security.Cryptography.Configuration.Design", "Src\Security\Cryptography\Configuration\Design\Security.Cryptography.Configuration.Design.csproj", "{D28C4099-8B9B-4A75-94C1-0B34D598FD8E}"
EndProject
Project("{FAE04EC0-301F-11D3-BF4B-00C04F79EFBC}") = "Security.Cryptography.Configuration.Design.Tests.NUnit", "UnitTests\Security\Cryptography\Configuration\Design\Security.Cryptography.Configuration.Design.Tests.NUnit.csproj", "{DADC5B10-53AE-49BF-8E65-5EF617D58022}"
EndProject
Project("{FAE04EC0-301F-11D3-BF4B-00C04F79EFBC}") = "ObjectBuilder.Tests.NUnit", "UnitTests\ObjectBuilder\ObjectBuilder.Tests.NUnit.csproj", "{AA94DF49-2CB4-4A75-A6D8-C6BABDFBB490}"
EndProject
Global
	GlobalSection(SolutionConfigurationPlatforms) = preSolution
		Debug|Any CPU = Debug|Any CPU
		Release|Any CPU = Release|Any CPU
	EndGlobalSection
	GlobalSection(ProjectConfigurationPlatforms) = postSolution
		{CF2CBDAD-4D43-45EA-9D40-4CD9CC7EE744}.Debug|Any CPU.ActiveCfg = Debug|Any CPU
		{CF2CBDAD-4D43-45EA-9D40-4CD9CC7EE744}.Debug|Any CPU.Build.0 = Debug|Any CPU
		{CF2CBDAD-4D43-45EA-9D40-4CD9CC7EE744}.Release|Any CPU.ActiveCfg = Release|Any CPU
		{CF2CBDAD-4D43-45EA-9D40-4CD9CC7EE744}.Release|Any CPU.Build.0 = Release|Any CPU
		{933575C4-BCAC-47E0-B651-C57FBC5CE58E}.Debug|Any CPU.ActiveCfg = Debug|Any CPU
		{933575C4-BCAC-47E0-B651-C57FBC5CE58E}.Debug|Any CPU.Build.0 = Debug|Any CPU
		{933575C4-BCAC-47E0-B651-C57FBC5CE58E}.Release|Any CPU.ActiveCfg = Release|Any CPU
		{933575C4-BCAC-47E0-B651-C57FBC5CE58E}.Release|Any CPU.Build.0 = Release|Any CPU
		{6A4E6A8A-A39F-4643-BA9B-87AED00BB03E}.Debug|Any CPU.ActiveCfg = Debug|Any CPU
		{6A4E6A8A-A39F-4643-BA9B-87AED00BB03E}.Debug|Any CPU.Build.0 = Debug|Any CPU
		{6A4E6A8A-A39F-4643-BA9B-87AED00BB03E}.Release|Any CPU.ActiveCfg = Release|Any CPU
		{6A4E6A8A-A39F-4643-BA9B-87AED00BB03E}.Release|Any CPU.Build.0 = Release|Any CPU
		{6AC97717-899D-4F72-BC5B-2C37959CD4FF}.Debug|Any CPU.ActiveCfg = Debug|Any CPU
		{6AC97717-899D-4F72-BC5B-2C37959CD4FF}.Debug|Any CPU.Build.0 = Debug|Any CPU
		{6AC97717-899D-4F72-BC5B-2C37959CD4FF}.Release|Any CPU.ActiveCfg = Release|Any CPU
		{6AC97717-899D-4F72-BC5B-2C37959CD4FF}.Release|Any CPU.Build.0 = Release|Any CPU
		{A09297C8-2C40-470B-8856-D856676DDFFA}.Debug|Any CPU.ActiveCfg = Debug|Any CPU
		{A09297C8-2C40-470B-8856-D856676DDFFA}.Debug|Any CPU.Build.0 = Debug|Any CPU
		{A09297C8-2C40-470B-8856-D856676DDFFA}.Release|Any CPU.ActiveCfg = Release|Any CPU
		{A09297C8-2C40-470B-8856-D856676DDFFA}.Release|Any CPU.Build.0 = Release|Any CPU
		{D349B6D8-992F-443F-BB57-57E50DD98794}.Debug|Any CPU.ActiveCfg = Debug|Any CPU
		{D349B6D8-992F-443F-BB57-57E50DD98794}.Debug|Any CPU.Build.0 = Debug|Any CPU
		{D349B6D8-992F-443F-BB57-57E50DD98794}.Release|Any CPU.ActiveCfg = Release|Any CPU
		{D349B6D8-992F-443F-BB57-57E50DD98794}.Release|Any CPU.Build.0 = Release|Any CPU
		{E725A5B4-A379-492F-89E3-3D8021376C3F}.Debug|Any CPU.ActiveCfg = Debug|Any CPU
		{E725A5B4-A379-492F-89E3-3D8021376C3F}.Debug|Any CPU.Build.0 = Debug|Any CPU
		{E725A5B4-A379-492F-89E3-3D8021376C3F}.Release|Any CPU.ActiveCfg = Release|Any CPU
		{E725A5B4-A379-492F-89E3-3D8021376C3F}.Release|Any CPU.Build.0 = Release|Any CPU
		{674B06A5-A61C-4546-8475-90D4A7FE31D8}.Debug|Any CPU.ActiveCfg = Debug|Any CPU
		{674B06A5-A61C-4546-8475-90D4A7FE31D8}.Debug|Any CPU.Build.0 = Debug|Any CPU
		{674B06A5-A61C-4546-8475-90D4A7FE31D8}.Release|Any CPU.ActiveCfg = Release|Any CPU
		{674B06A5-A61C-4546-8475-90D4A7FE31D8}.Release|Any CPU.Build.0 = Release|Any CPU
		{2DB0AD6D-BF59-4EBB-9F99-49ABD8539FD2}.Debug|Any CPU.ActiveCfg = Debug|Any CPU
		{2DB0AD6D-BF59-4EBB-9F99-49ABD8539FD2}.Debug|Any CPU.Build.0 = Debug|Any CPU
		{2DB0AD6D-BF59-4EBB-9F99-49ABD8539FD2}.Release|Any CPU.ActiveCfg = Release|Any CPU
		{2DB0AD6D-BF59-4EBB-9F99-49ABD8539FD2}.Release|Any CPU.Build.0 = Release|Any CPU
		{A03EA97B-97CB-41EF-A55D-15C6496D8943}.Debug|Any CPU.ActiveCfg = Debug|Any CPU
		{A03EA97B-97CB-41EF-A55D-15C6496D8943}.Debug|Any CPU.Build.0 = Debug|Any CPU
		{A03EA97B-97CB-41EF-A55D-15C6496D8943}.Release|Any CPU.ActiveCfg = Release|Any CPU
		{A03EA97B-97CB-41EF-A55D-15C6496D8943}.Release|Any CPU.Build.0 = Release|Any CPU
		{708C6E4C-1380-44A6-ABE9-0C25E633AD85}.Debug|Any CPU.ActiveCfg = Debug|Any CPU
		{708C6E4C-1380-44A6-ABE9-0C25E633AD85}.Debug|Any CPU.Build.0 = Debug|Any CPU
		{708C6E4C-1380-44A6-ABE9-0C25E633AD85}.Release|Any CPU.ActiveCfg = Release|Any CPU
		{708C6E4C-1380-44A6-ABE9-0C25E633AD85}.Release|Any CPU.Build.0 = Release|Any CPU
		{55D11839-8C79-4EBF-A574-0180F6653B97}.Debug|Any CPU.ActiveCfg = Debug|Any CPU
		{55D11839-8C79-4EBF-A574-0180F6653B97}.Debug|Any CPU.Build.0 = Debug|Any CPU
		{55D11839-8C79-4EBF-A574-0180F6653B97}.Release|Any CPU.ActiveCfg = Release|Any CPU
		{55D11839-8C79-4EBF-A574-0180F6653B97}.Release|Any CPU.Build.0 = Release|Any CPU
		{1C7F861B-FDF9-489F-8CBC-025165A78A03}.Debug|Any CPU.ActiveCfg = Debug|Any CPU
		{1C7F861B-FDF9-489F-8CBC-025165A78A03}.Debug|Any CPU.Build.0 = Debug|Any CPU
		{1C7F861B-FDF9-489F-8CBC-025165A78A03}.Release|Any CPU.ActiveCfg = Release|Any CPU
		{1C7F861B-FDF9-489F-8CBC-025165A78A03}.Release|Any CPU.Build.0 = Release|Any CPU
		{02FC8CE2-2CB3-41B6-8516-0A27B99708A9}.Debug|Any CPU.ActiveCfg = Debug|Any CPU
		{02FC8CE2-2CB3-41B6-8516-0A27B99708A9}.Debug|Any CPU.Build.0 = Debug|Any CPU
		{02FC8CE2-2CB3-41B6-8516-0A27B99708A9}.Release|Any CPU.ActiveCfg = Release|Any CPU
		{02FC8CE2-2CB3-41B6-8516-0A27B99708A9}.Release|Any CPU.Build.0 = Release|Any CPU
		{4804DAD4-EE9C-45E4-A151-DCDE6D06EB61}.Debug|Any CPU.ActiveCfg = Debug|Any CPU
		{4804DAD4-EE9C-45E4-A151-DCDE6D06EB61}.Debug|Any CPU.Build.0 = Debug|Any CPU
		{4804DAD4-EE9C-45E4-A151-DCDE6D06EB61}.Release|Any CPU.ActiveCfg = Release|Any CPU
		{4804DAD4-EE9C-45E4-A151-DCDE6D06EB61}.Release|Any CPU.Build.0 = Release|Any CPU
		{EC311AD3-0A26-4808-901B-A983E97E5790}.Debug|Any CPU.ActiveCfg = Debug|Any CPU
		{EC311AD3-0A26-4808-901B-A983E97E5790}.Debug|Any CPU.Build.0 = Debug|Any CPU
		{EC311AD3-0A26-4808-901B-A983E97E5790}.Release|Any CPU.ActiveCfg = Release|Any CPU
		{EC311AD3-0A26-4808-901B-A983E97E5790}.Release|Any CPU.Build.0 = Release|Any CPU
		{5179BF96-3EDA-43DD-A636-D98E4C7BE7BC}.Debug|Any CPU.ActiveCfg = Debug|Any CPU
		{5179BF96-3EDA-43DD-A636-D98E4C7BE7BC}.Debug|Any CPU.Build.0 = Debug|Any CPU
		{5179BF96-3EDA-43DD-A636-D98E4C7BE7BC}.Release|Any CPU.ActiveCfg = Release|Any CPU
		{5179BF96-3EDA-43DD-A636-D98E4C7BE7BC}.Release|Any CPU.Build.0 = Release|Any CPU
		{C2B20EFD-0147-4FF9-A7BD-86A40B78E83A}.Debug|Any CPU.ActiveCfg = Debug|Any CPU
		{C2B20EFD-0147-4FF9-A7BD-86A40B78E83A}.Debug|Any CPU.Build.0 = Debug|Any CPU
		{C2B20EFD-0147-4FF9-A7BD-86A40B78E83A}.Release|Any CPU.ActiveCfg = Release|Any CPU
		{C2B20EFD-0147-4FF9-A7BD-86A40B78E83A}.Release|Any CPU.Build.0 = Release|Any CPU
		{6BB0E4E4-52F1-4398-99B6-017804715863}.Debug|Any CPU.ActiveCfg = Debug|Any CPU
		{6BB0E4E4-52F1-4398-99B6-017804715863}.Debug|Any CPU.Build.0 = Debug|Any CPU
		{6BB0E4E4-52F1-4398-99B6-017804715863}.Release|Any CPU.ActiveCfg = Release|Any CPU
		{6BB0E4E4-52F1-4398-99B6-017804715863}.Release|Any CPU.Build.0 = Release|Any CPU
		{6E7B8CC6-1A33-4A04-899E-102F018F1A56}.Debug|Any CPU.ActiveCfg = Debug|Any CPU
		{6E7B8CC6-1A33-4A04-899E-102F018F1A56}.Debug|Any CPU.Build.0 = Debug|Any CPU
		{6E7B8CC6-1A33-4A04-899E-102F018F1A56}.Release|Any CPU.ActiveCfg = Release|Any CPU
		{6E7B8CC6-1A33-4A04-899E-102F018F1A56}.Release|Any CPU.Build.0 = Release|Any CPU
		{4AC3ADAC-F35A-4809-B452-BA6D01E52FF0}.Debug|Any CPU.ActiveCfg = Debug|Any CPU
		{4AC3ADAC-F35A-4809-B452-BA6D01E52FF0}.Debug|Any CPU.Build.0 = Debug|Any CPU
		{4AC3ADAC-F35A-4809-B452-BA6D01E52FF0}.Release|Any CPU.ActiveCfg = Release|Any CPU
		{4AC3ADAC-F35A-4809-B452-BA6D01E52FF0}.Release|Any CPU.Build.0 = Release|Any CPU
		{40B0E919-E1F9-48F6-ADF8-5C3E8415F8CA}.Debug|Any CPU.ActiveCfg = Debug|Any CPU
		{40B0E919-E1F9-48F6-ADF8-5C3E8415F8CA}.Debug|Any CPU.Build.0 = Debug|Any CPU
		{40B0E919-E1F9-48F6-ADF8-5C3E8415F8CA}.Release|Any CPU.ActiveCfg = Release|Any CPU
		{40B0E919-E1F9-48F6-ADF8-5C3E8415F8CA}.Release|Any CPU.Build.0 = Release|Any CPU
		{808F5173-C16B-4599-9C2C-9A704A6BD59C}.Debug|Any CPU.ActiveCfg = Debug|Any CPU
		{808F5173-C16B-4599-9C2C-9A704A6BD59C}.Debug|Any CPU.Build.0 = Debug|Any CPU
		{808F5173-C16B-4599-9C2C-9A704A6BD59C}.Release|Any CPU.ActiveCfg = Release|Any CPU
		{808F5173-C16B-4599-9C2C-9A704A6BD59C}.Release|Any CPU.Build.0 = Release|Any CPU
		{B2B1B817-E31B-4696-8F84-93296F170E22}.Debug|Any CPU.ActiveCfg = Debug|Any CPU
		{B2B1B817-E31B-4696-8F84-93296F170E22}.Debug|Any CPU.Build.0 = Debug|Any CPU
		{B2B1B817-E31B-4696-8F84-93296F170E22}.Release|Any CPU.ActiveCfg = Release|Any CPU
		{B2B1B817-E31B-4696-8F84-93296F170E22}.Release|Any CPU.Build.0 = Release|Any CPU
		{5DC01A57-1DB2-48B9-AEB3-2BFAE9089FD7}.Debug|Any CPU.ActiveCfg = Debug|Any CPU
		{5DC01A57-1DB2-48B9-AEB3-2BFAE9089FD7}.Debug|Any CPU.Build.0 = Debug|Any CPU
		{5DC01A57-1DB2-48B9-AEB3-2BFAE9089FD7}.Release|Any CPU.ActiveCfg = Release|Any CPU
		{5DC01A57-1DB2-48B9-AEB3-2BFAE9089FD7}.Release|Any CPU.Build.0 = Release|Any CPU
		{E0717C5B-A386-4296-AC23-20A0242CEFE8}.Debug|Any CPU.ActiveCfg = Debug|Any CPU
		{E0717C5B-A386-4296-AC23-20A0242CEFE8}.Debug|Any CPU.Build.0 = Debug|Any CPU
		{E0717C5B-A386-4296-AC23-20A0242CEFE8}.Release|Any CPU.ActiveCfg = Release|Any CPU
		{E0717C5B-A386-4296-AC23-20A0242CEFE8}.Release|Any CPU.Build.0 = Release|Any CPU
		{2AE49F19-392B-4C50-A13C-F49B2579849D}.Debug|Any CPU.ActiveCfg = Debug|Any CPU
		{2AE49F19-392B-4C50-A13C-F49B2579849D}.Debug|Any CPU.Build.0 = Debug|Any CPU
		{2AE49F19-392B-4C50-A13C-F49B2579849D}.Release|Any CPU.ActiveCfg = Release|Any CPU
		{2AE49F19-392B-4C50-A13C-F49B2579849D}.Release|Any CPU.Build.0 = Release|Any CPU
		{D248D0BF-23E9-42EF-AD9B-D924B056EDEF}.Debug|Any CPU.ActiveCfg = Debug|Any CPU
		{D248D0BF-23E9-42EF-AD9B-D924B056EDEF}.Debug|Any CPU.Build.0 = Debug|Any CPU
		{D248D0BF-23E9-42EF-AD9B-D924B056EDEF}.Release|Any CPU.ActiveCfg = Release|Any CPU
		{D248D0BF-23E9-42EF-AD9B-D924B056EDEF}.Release|Any CPU.Build.0 = Release|Any CPU
		{5D0720A3-A4A1-49CB-9E46-8C6CDD321514}.Debug|Any CPU.ActiveCfg = Debug|Any CPU
		{5D0720A3-A4A1-49CB-9E46-8C6CDD321514}.Debug|Any CPU.Build.0 = Debug|Any CPU
		{5D0720A3-A4A1-49CB-9E46-8C6CDD321514}.Release|Any CPU.ActiveCfg = Release|Any CPU
		{5D0720A3-A4A1-49CB-9E46-8C6CDD321514}.Release|Any CPU.Build.0 = Release|Any CPU
		{C10AAE86-F79E-430E-A5A4-FCDB9BB54AB0}.Debug|Any CPU.ActiveCfg = Debug|Any CPU
		{C10AAE86-F79E-430E-A5A4-FCDB9BB54AB0}.Debug|Any CPU.Build.0 = Debug|Any CPU
		{C10AAE86-F79E-430E-A5A4-FCDB9BB54AB0}.Release|Any CPU.ActiveCfg = Release|Any CPU
		{C10AAE86-F79E-430E-A5A4-FCDB9BB54AB0}.Release|Any CPU.Build.0 = Release|Any CPU
		{960B7D4C-A422-4080-8839-652AF0E297ED}.Debug|Any CPU.ActiveCfg = Debug|Any CPU
		{960B7D4C-A422-4080-8839-652AF0E297ED}.Debug|Any CPU.Build.0 = Debug|Any CPU
		{960B7D4C-A422-4080-8839-652AF0E297ED}.Release|Any CPU.ActiveCfg = Release|Any CPU
		{960B7D4C-A422-4080-8839-652AF0E297ED}.Release|Any CPU.Build.0 = Release|Any CPU
		{F80ABB9A-56C5-4FC8-82F2-0DFEAAAC97A3}.Debug|Any CPU.ActiveCfg = Debug|Any CPU
		{F80ABB9A-56C5-4FC8-82F2-0DFEAAAC97A3}.Debug|Any CPU.Build.0 = Debug|Any CPU
		{F80ABB9A-56C5-4FC8-82F2-0DFEAAAC97A3}.Release|Any CPU.ActiveCfg = Release|Any CPU
		{F80ABB9A-56C5-4FC8-82F2-0DFEAAAC97A3}.Release|Any CPU.Build.0 = Release|Any CPU
		{FB809D4D-E078-4010-8AE2-4A9D774480DF}.Debug|Any CPU.ActiveCfg = Debug|Any CPU
		{FB809D4D-E078-4010-8AE2-4A9D774480DF}.Debug|Any CPU.Build.0 = Debug|Any CPU
		{FB809D4D-E078-4010-8AE2-4A9D774480DF}.Release|Any CPU.ActiveCfg = Release|Any CPU
		{FB809D4D-E078-4010-8AE2-4A9D774480DF}.Release|Any CPU.Build.0 = Release|Any CPU
		{D6AAB55A-8C43-46B7-9EE4-EB8D1E1BFC17}.Debug|Any CPU.ActiveCfg = Debug|Any CPU
		{D6AAB55A-8C43-46B7-9EE4-EB8D1E1BFC17}.Debug|Any CPU.Build.0 = Debug|Any CPU
		{D6AAB55A-8C43-46B7-9EE4-EB8D1E1BFC17}.Release|Any CPU.ActiveCfg = Release|Any CPU
		{D6AAB55A-8C43-46B7-9EE4-EB8D1E1BFC17}.Release|Any CPU.Build.0 = Release|Any CPU
		{3C6BB980-EA8F-4C2C-A72B-60C3BCE7515E}.Debug|Any CPU.ActiveCfg = Debug|Any CPU
		{3C6BB980-EA8F-4C2C-A72B-60C3BCE7515E}.Debug|Any CPU.Build.0 = Debug|Any CPU
		{3C6BB980-EA8F-4C2C-A72B-60C3BCE7515E}.Release|Any CPU.ActiveCfg = Release|Any CPU
		{3C6BB980-EA8F-4C2C-A72B-60C3BCE7515E}.Release|Any CPU.Build.0 = Release|Any CPU
		{3D0BE7D5-585F-4549-8490-B8E864298456}.Debug|Any CPU.ActiveCfg = Debug|Any CPU
		{3D0BE7D5-585F-4549-8490-B8E864298456}.Debug|Any CPU.Build.0 = Debug|Any CPU
		{3D0BE7D5-585F-4549-8490-B8E864298456}.Release|Any CPU.ActiveCfg = Release|Any CPU
		{3D0BE7D5-585F-4549-8490-B8E864298456}.Release|Any CPU.Build.0 = Release|Any CPU
		{99E89A51-7AC5-47D8-8A44-86CC05BFBD70}.Debug|Any CPU.ActiveCfg = Debug|Any CPU
		{99E89A51-7AC5-47D8-8A44-86CC05BFBD70}.Debug|Any CPU.Build.0 = Debug|Any CPU
		{99E89A51-7AC5-47D8-8A44-86CC05BFBD70}.Release|Any CPU.ActiveCfg = Release|Any CPU
		{99E89A51-7AC5-47D8-8A44-86CC05BFBD70}.Release|Any CPU.Build.0 = Release|Any CPU
		{629381BA-FF3D-4DE1-8FE1-62FC75F0F1BD}.Debug|Any CPU.ActiveCfg = Debug|Any CPU
		{629381BA-FF3D-4DE1-8FE1-62FC75F0F1BD}.Debug|Any CPU.Build.0 = Debug|Any CPU
		{629381BA-FF3D-4DE1-8FE1-62FC75F0F1BD}.Release|Any CPU.ActiveCfg = Release|Any CPU
		{629381BA-FF3D-4DE1-8FE1-62FC75F0F1BD}.Release|Any CPU.Build.0 = Release|Any CPU
		{C6F43E34-8293-4037-A0E7-D2454F99EA0A}.Debug|Any CPU.ActiveCfg = Debug|Any CPU
		{C6F43E34-8293-4037-A0E7-D2454F99EA0A}.Debug|Any CPU.Build.0 = Debug|Any CPU
		{C6F43E34-8293-4037-A0E7-D2454F99EA0A}.Release|Any CPU.ActiveCfg = Release|Any CPU
		{C6F43E34-8293-4037-A0E7-D2454F99EA0A}.Release|Any CPU.Build.0 = Release|Any CPU
		{CAFC0505-DC56-4E86-A335-D8EB2B23325A}.Debug|Any CPU.ActiveCfg = Debug|Any CPU
		{CAFC0505-DC56-4E86-A335-D8EB2B23325A}.Debug|Any CPU.Build.0 = Debug|Any CPU
		{CAFC0505-DC56-4E86-A335-D8EB2B23325A}.Release|Any CPU.ActiveCfg = Release|Any CPU
		{CAFC0505-DC56-4E86-A335-D8EB2B23325A}.Release|Any CPU.Build.0 = Release|Any CPU
		{CC1F4547-EF33-4EBD-9EA5-9089A9178F42}.Debug|Any CPU.ActiveCfg = Debug|Any CPU
		{CC1F4547-EF33-4EBD-9EA5-9089A9178F42}.Debug|Any CPU.Build.0 = Debug|Any CPU
		{CC1F4547-EF33-4EBD-9EA5-9089A9178F42}.Release|Any CPU.ActiveCfg = Release|Any CPU
		{CC1F4547-EF33-4EBD-9EA5-9089A9178F42}.Release|Any CPU.Build.0 = Release|Any CPU
		{69FE71D7-F198-4B7D-9715-E0FC04EC5660}.Debug|Any CPU.ActiveCfg = Debug|Any CPU
		{69FE71D7-F198-4B7D-9715-E0FC04EC5660}.Debug|Any CPU.Build.0 = Debug|Any CPU
		{69FE71D7-F198-4B7D-9715-E0FC04EC5660}.Release|Any CPU.ActiveCfg = Release|Any CPU
		{69FE71D7-F198-4B7D-9715-E0FC04EC5660}.Release|Any CPU.Build.0 = Release|Any CPU
		{028EE3EB-DF29-40D3-AD49-448B2DADAA1B}.Debug|Any CPU.ActiveCfg = Debug|Any CPU
		{028EE3EB-DF29-40D3-AD49-448B2DADAA1B}.Debug|Any CPU.Build.0 = Debug|Any CPU
		{028EE3EB-DF29-40D3-AD49-448B2DADAA1B}.Release|Any CPU.ActiveCfg = Release|Any CPU
		{028EE3EB-DF29-40D3-AD49-448B2DADAA1B}.Release|Any CPU.Build.0 = Release|Any CPU
		{9C00E443-6084-47BB-B38A-C7001D483562}.Debug|Any CPU.ActiveCfg = Debug|Any CPU
		{9C00E443-6084-47BB-B38A-C7001D483562}.Debug|Any CPU.Build.0 = Debug|Any CPU
		{9C00E443-6084-47BB-B38A-C7001D483562}.Release|Any CPU.ActiveCfg = Release|Any CPU
		{9C00E443-6084-47BB-B38A-C7001D483562}.Release|Any CPU.Build.0 = Release|Any CPU
		{BC89CAE0-AB93-4B9A-8D6C-4A40A9DFC0D9}.Debug|Any CPU.ActiveCfg = Debug|Any CPU
		{BC89CAE0-AB93-4B9A-8D6C-4A40A9DFC0D9}.Debug|Any CPU.Build.0 = Debug|Any CPU
		{BC89CAE0-AB93-4B9A-8D6C-4A40A9DFC0D9}.Release|Any CPU.ActiveCfg = Release|Any CPU
		{BC89CAE0-AB93-4B9A-8D6C-4A40A9DFC0D9}.Release|Any CPU.Build.0 = Release|Any CPU
		{FCD01AB3-FFD9-4C57-A9A5-BDEE9AFBB12D}.Debug|Any CPU.ActiveCfg = Debug|Any CPU
		{FCD01AB3-FFD9-4C57-A9A5-BDEE9AFBB12D}.Debug|Any CPU.Build.0 = Debug|Any CPU
		{FCD01AB3-FFD9-4C57-A9A5-BDEE9AFBB12D}.Release|Any CPU.ActiveCfg = Release|Any CPU
		{FCD01AB3-FFD9-4C57-A9A5-BDEE9AFBB12D}.Release|Any CPU.Build.0 = Release|Any CPU
		{E32223CC-B10C-4D3A-83F5-9CEA12469364}.Debug|Any CPU.ActiveCfg = Debug|Any CPU
		{E32223CC-B10C-4D3A-83F5-9CEA12469364}.Debug|Any CPU.Build.0 = Debug|Any CPU
		{E32223CC-B10C-4D3A-83F5-9CEA12469364}.Release|Any CPU.ActiveCfg = Release|Any CPU
		{E32223CC-B10C-4D3A-83F5-9CEA12469364}.Release|Any CPU.Build.0 = Release|Any CPU
		{5A994D79-DE28-4ABD-B812-1D627E367AE4}.Debug|Any CPU.ActiveCfg = Debug|Any CPU
		{5A994D79-DE28-4ABD-B812-1D627E367AE4}.Debug|Any CPU.Build.0 = Debug|Any CPU
		{5A994D79-DE28-4ABD-B812-1D627E367AE4}.Release|Any CPU.ActiveCfg = Release|Any CPU
		{5A994D79-DE28-4ABD-B812-1D627E367AE4}.Release|Any CPU.Build.0 = Release|Any CPU
		{8C63207F-B823-44BA-ABDB-DE7A36E88452}.Debug|Any CPU.ActiveCfg = Debug|Any CPU
		{8C63207F-B823-44BA-ABDB-DE7A36E88452}.Debug|Any CPU.Build.0 = Debug|Any CPU
		{8C63207F-B823-44BA-ABDB-DE7A36E88452}.Release|Any CPU.ActiveCfg = Release|Any CPU
		{8C63207F-B823-44BA-ABDB-DE7A36E88452}.Release|Any CPU.Build.0 = Release|Any CPU
		{8E175354-2764-459E-8B63-772E63F922E7}.Debug|Any CPU.ActiveCfg = Debug|Any CPU
		{8E175354-2764-459E-8B63-772E63F922E7}.Debug|Any CPU.Build.0 = Debug|Any CPU
		{8E175354-2764-459E-8B63-772E63F922E7}.Release|Any CPU.ActiveCfg = Release|Any CPU
		{8E175354-2764-459E-8B63-772E63F922E7}.Release|Any CPU.Build.0 = Release|Any CPU
		{3DDD0DA3-A2BE-4A3B-B8DB-42118B6E38F7}.Debug|Any CPU.ActiveCfg = Debug|Any CPU
		{3DDD0DA3-A2BE-4A3B-B8DB-42118B6E38F7}.Debug|Any CPU.Build.0 = Debug|Any CPU
		{3DDD0DA3-A2BE-4A3B-B8DB-42118B6E38F7}.Release|Any CPU.ActiveCfg = Release|Any CPU
		{3DDD0DA3-A2BE-4A3B-B8DB-42118B6E38F7}.Release|Any CPU.Build.0 = Release|Any CPU
		{D28C4099-8B9B-4A75-94C1-0B34D598FD8E}.Debug|Any CPU.ActiveCfg = Debug|Any CPU
		{D28C4099-8B9B-4A75-94C1-0B34D598FD8E}.Debug|Any CPU.Build.0 = Debug|Any CPU
		{D28C4099-8B9B-4A75-94C1-0B34D598FD8E}.Release|Any CPU.ActiveCfg = Release|Any CPU
		{D28C4099-8B9B-4A75-94C1-0B34D598FD8E}.Release|Any CPU.Build.0 = Release|Any CPU
		{DADC5B10-53AE-49BF-8E65-5EF617D58022}.Debug|Any CPU.ActiveCfg = Debug|Any CPU
		{DADC5B10-53AE-49BF-8E65-5EF617D58022}.Debug|Any CPU.Build.0 = Debug|Any CPU
		{DADC5B10-53AE-49BF-8E65-5EF617D58022}.Release|Any CPU.ActiveCfg = Release|Any CPU
		{DADC5B10-53AE-49BF-8E65-5EF617D58022}.Release|Any CPU.Build.0 = Release|Any CPU
		{AA94DF49-2CB4-4A75-A6D8-C6BABDFBB490}.Debug|Any CPU.ActiveCfg = Debug|Any CPU
		{AA94DF49-2CB4-4A75-A6D8-C6BABDFBB490}.Debug|Any CPU.Build.0 = Debug|Any CPU
		{AA94DF49-2CB4-4A75-A6D8-C6BABDFBB490}.Release|Any CPU.ActiveCfg = Release|Any CPU
		{AA94DF49-2CB4-4A75-A6D8-C6BABDFBB490}.Release|Any CPU.Build.0 = Release|Any CPU
	EndGlobalSection
	GlobalSection(SolutionProperties) = preSolution
		HideSolutionNode = FALSE
	EndGlobalSection
	GlobalSection(NestedProjects) = preSolution
		{933575C4-BCAC-47E0-B651-C57FBC5CE58E} = {0A9D92A1-6646-4330-BBB9-A1D7C83A7661}
		{EA5BABD3-6033-4B78-A4DC-46E0A10BD993} = {0A9D92A1-6646-4330-BBB9-A1D7C83A7661}
		{CF2CBDAD-4D43-45EA-9D40-4CD9CC7EE744} = {0A9D92A1-6646-4330-BBB9-A1D7C83A7661}
		{D2ED75A3-42CE-45E4-9B9F-7A7E545AADE0} = {0A9D92A1-6646-4330-BBB9-A1D7C83A7661}
		{B4D27C95-15E5-4F86-9029-68DF9B52E363} = {132B4646-F516-4053-8DF7-D6DED1BD8C0B}
		{6A4E6A8A-A39F-4643-BA9B-87AED00BB03E} = {132B4646-F516-4053-8DF7-D6DED1BD8C0B}
		{AE76B811-ADD5-4FF2-8109-26D1ACE04202} = {132B4646-F516-4053-8DF7-D6DED1BD8C0B}
		{F9ACE635-F083-429B-B242-2C6516594E3D} = {7F5906DC-2F6D-4D9C-B7AC-AEAEB42182EF}
		{808F5173-C16B-4599-9C2C-9A704A6BD59C} = {7F5906DC-2F6D-4D9C-B7AC-AEAEB42182EF}
		{5DC01A57-1DB2-48B9-AEB3-2BFAE9089FD7} = {7F5906DC-2F6D-4D9C-B7AC-AEAEB42182EF}
		{6AC97717-899D-4F72-BC5B-2C37959CD4FF} = {7F5906DC-2F6D-4D9C-B7AC-AEAEB42182EF}
		{A77658E3-F732-4C47-BC33-0EBD91FDD987} = {7F5906DC-2F6D-4D9C-B7AC-AEAEB42182EF}
		{10437708-DEDA-438E-94A6-990E3604B641} = {D5AD3142-F3D8-413C-B207-D9F73B427466}
		{2AE49F19-392B-4C50-A13C-F49B2579849D} = {D5AD3142-F3D8-413C-B207-D9F73B427466}
		{A09297C8-2C40-470B-8856-D856676DDFFA} = {D5AD3142-F3D8-413C-B207-D9F73B427466}
		{4891C6BA-7ADE-4B7E-B330-FDD79DD4AD04} = {D5AD3142-F3D8-413C-B207-D9F73B427466}
		{D349B6D8-992F-443F-BB57-57E50DD98794} = {2ED0ED5E-470C-4561-B928-2F9ADC647059}
		{358A6123-9B8A-4270-9DED-8CF555F75680} = {2ED0ED5E-470C-4561-B928-2F9ADC647059}
		{34202BFC-3172-4816-B686-A0E538073FC8} = {2ED0ED5E-470C-4561-B928-2F9ADC647059}
		{674B06A5-A61C-4546-8475-90D4A7FE31D8} = {0AA202BA-CAFC-4FB3-9015-882B87D6AABF}
		{A03EA97B-97CB-41EF-A55D-15C6496D8943} = {0AA202BA-CAFC-4FB3-9015-882B87D6AABF}
		{87CD8E72-FE86-46DD-8A71-2A09929EF56F} = {0AA202BA-CAFC-4FB3-9015-882B87D6AABF}
		{E725A5B4-A379-492F-89E3-3D8021376C3F} = {0AA202BA-CAFC-4FB3-9015-882B87D6AABF}
		{42C38443-FCB2-4263-8D8A-3ECCEECB58F2} = {0AA202BA-CAFC-4FB3-9015-882B87D6AABF}
		{94018E70-2278-402B-9490-8E008C4C2299} = {A46D3D71-58BA-47A2-A7E3-FC48F0FB60FC}
		{EC311AD3-0A26-4808-901B-A983E97E5790} = {A46D3D71-58BA-47A2-A7E3-FC48F0FB60FC}
		{2DB0AD6D-BF59-4EBB-9F99-49ABD8539FD2} = {A46D3D71-58BA-47A2-A7E3-FC48F0FB60FC}
		{5076C5C0-5A17-4E6B-B548-92EA384E3961} = {A46D3D71-58BA-47A2-A7E3-FC48F0FB60FC}
		{5179BF96-3EDA-43DD-A636-D98E4C7BE7BC} = {94018E70-2278-402B-9490-8E008C4C2299}
		{708C6E4C-1380-44A6-ABE9-0C25E633AD85} = {94018E70-2278-402B-9490-8E008C4C2299}
		{99E89A51-7AC5-47D8-8A44-86CC05BFBD70} = {94018E70-2278-402B-9490-8E008C4C2299}
		{C6F43E34-8293-4037-A0E7-D2454F99EA0A} = {94018E70-2278-402B-9490-8E008C4C2299}
		{40B0E919-E1F9-48F6-ADF8-5C3E8415F8CA} = {EA5BABD3-6033-4B78-A4DC-46E0A10BD993}
		{55D11839-8C79-4EBF-A574-0180F6653B97} = {EA5BABD3-6033-4B78-A4DC-46E0A10BD993}
		{9C00E443-6084-47BB-B38A-C7001D483562} = {EA5BABD3-6033-4B78-A4DC-46E0A10BD993}
		{BC89CAE0-AB93-4B9A-8D6C-4A40A9DFC0D9} = {EA5BABD3-6033-4B78-A4DC-46E0A10BD993}
		{1C7F861B-FDF9-489F-8CBC-025165A78A03} = {B4D27C95-15E5-4F86-9029-68DF9B52E363}
		{DADC5B10-53AE-49BF-8E65-5EF617D58022} = {B4D27C95-15E5-4F86-9029-68DF9B52E363}
		{02FC8CE2-2CB3-41B6-8516-0A27B99708A9} = {10437708-DEDA-438E-94A6-990E3604B641}
		{D248D0BF-23E9-42EF-AD9B-D924B056EDEF} = {10437708-DEDA-438E-94A6-990E3604B641}
		{AA94DF49-2CB4-4A75-A6D8-C6BABDFBB490} = {10437708-DEDA-438E-94A6-990E3604B641}
		{B2B1B817-E31B-4696-8F84-93296F170E22} = {F9ACE635-F083-429B-B242-2C6516594E3D}
		{E0717C5B-A386-4296-AC23-20A0242CEFE8} = {F9ACE635-F083-429B-B242-2C6516594E3D}
		{4804DAD4-EE9C-45E4-A151-DCDE6D06EB61} = {F9ACE635-F083-429B-B242-2C6516594E3D}
		{FB809D4D-E078-4010-8AE2-4A9D774480DF} = {F9ACE635-F083-429B-B242-2C6516594E3D}
		{8C63207F-B823-44BA-ABDB-DE7A36E88452} = {F9ACE635-F083-429B-B242-2C6516594E3D}
		{6BB0E4E4-52F1-4398-99B6-017804715863} = {87CD8E72-FE86-46DD-8A71-2A09929EF56F}
		{6E7B8CC6-1A33-4A04-899E-102F018F1A56} = {87CD8E72-FE86-46DD-8A71-2A09929EF56F}
		{4AC3ADAC-F35A-4809-B452-BA6D01E52FF0} = {87CD8E72-FE86-46DD-8A71-2A09929EF56F}
		{C2B20EFD-0147-4FF9-A7BD-86A40B78E83A} = {87CD8E72-FE86-46DD-8A71-2A09929EF56F}
		{960B7D4C-A422-4080-8839-652AF0E297ED} = {87CD8E72-FE86-46DD-8A71-2A09929EF56F}
		{5A994D79-DE28-4ABD-B812-1D627E367AE4} = {87CD8E72-FE86-46DD-8A71-2A09929EF56F}
		{3DDD0DA3-A2BE-4A3B-B8DB-42118B6E38F7} = {87CD8E72-FE86-46DD-8A71-2A09929EF56F}
		{C10AAE86-F79E-430E-A5A4-FCDB9BB54AB0} = {358A6123-9B8A-4270-9DED-8CF555F75680}
		{CC1F4547-EF33-4EBD-9EA5-9089A9178F42} = {358A6123-9B8A-4270-9DED-8CF555F75680}
		{3D0BE7D5-585F-4549-8490-B8E864298456} = {5076C5C0-5A17-4E6B-B548-92EA384E3961}
		{629381BA-FF3D-4DE1-8FE1-62FC75F0F1BD} = {5076C5C0-5A17-4E6B-B548-92EA384E3961}
		{5D0720A3-A4A1-49CB-9E46-8C6CDD321514} = {42C38443-FCB2-4263-8D8A-3ECCEECB58F2}
		{E32223CC-B10C-4D3A-83F5-9CEA12469364} = {42C38443-FCB2-4263-8D8A-3ECCEECB58F2}
		{8E175354-2764-459E-8B63-772E63F922E7} = {42C38443-FCB2-4263-8D8A-3ECCEECB58F2}
		{69FE71D7-F198-4B7D-9715-E0FC04EC5660} = {D2ED75A3-42CE-45E4-9B9F-7A7E545AADE0}
		{028EE3EB-DF29-40D3-AD49-448B2DADAA1B} = {D2ED75A3-42CE-45E4-9B9F-7A7E545AADE0}
		{CAFC0505-DC56-4E86-A335-D8EB2B23325A} = {34202BFC-3172-4816-B686-A0E538073FC8}
		{F80ABB9A-56C5-4FC8-82F2-0DFEAAAC97A3} = {A77658E3-F732-4C47-BC33-0EBD91FDD987}
		{FCD01AB3-FFD9-4C57-A9A5-BDEE9AFBB12D} = {A77658E3-F732-4C47-BC33-0EBD91FDD987}
		{D6AAB55A-8C43-46B7-9EE4-EB8D1E1BFC17} = {4891C6BA-7ADE-4B7E-B330-FDD79DD4AD04}
		{3C6BB980-EA8F-4C2C-A72B-60C3BCE7515E} = {4891C6BA-7ADE-4B7E-B330-FDD79DD4AD04}
		{D28C4099-8B9B-4A75-94C1-0B34D598FD8E} = {AE76B811-ADD5-4FF2-8109-26D1ACE04202}
	EndGlobalSection
	GlobalSection(DPCodeReviewSolutionGUID) = preSolution
		DPCodeReviewSolutionGUID = {00000000-0000-0000-0000-000000000000}
	EndGlobalSection
EndGlobal
