
Microsoft Visual Studio Solution File, Format Version 9.00
# Visual Studio 2005
Project("{2150E333-8FDC-42A3-9474-1A3956D46DE8}") = "Exception Handling Application Block", "Exception Handling Application Block", "{F4120CFD-499B-408B-BCE7-418E62C2C35C}"
EndProject
Project("{2150E333-8FDC-42A3-9474-1A3956D46DE8}") = "Referenced Projects", "Referenced Projects", "{AA95E382-285C-40E9-9097-0CC0818B7466}"
EndProject
Project("{2150E333-8FDC-42A3-9474-1A3956D46DE8}") = "Unit Tests", "Unit Tests", "{BA5DCED7-794F-4379-8958-44F0D6F75232}"
EndProject
Project("{2150E333-8FDC-42A3-9474-1A3956D46DE8}") = "Unit Tests", "Unit Tests", "{DCC5D994-8B8A-49D3-A32B-C3E512670CEA}"
EndProject
Project("{FAE04EC0-301F-11D3-BF4B-00C04F79EFBC}") = "ExceptionHandling", "ExceptionHandling.csproj", "{2DB0AD6D-BF59-4EBB-9F99-49ABD8539FD2}"
EndProject
Project("{FAE04EC0-301F-11D3-BF4B-00C04F79EFBC}") = "Logging", "..\Logging\Logging.csproj", "{6AC97717-899D-4F72-BC5B-2C37959CD4FF}"
EndProject
Project("{FAE04EC0-301F-11D3-BF4B-00C04F79EFBC}") = "ExceptionHandling.Logging", "Logging\ExceptionHandling.Logging.csproj", "{EC311AD3-0A26-4808-901B-A983E97E5790}"
EndProject
Project("{FAE04EC0-301F-11D3-BF4B-00C04F79EFBC}") = "Common", "..\Common\Common.csproj", "{A09297C8-2C40-470B-8856-D856676DDFFA}"
EndProject
Project("{FAE04EC0-301F-11D3-BF4B-00C04F79EFBC}") = "ObjectBuilder", "..\ObjectBuilder\ObjectBuilder.csproj", "{2AE49F19-392B-4C50-A13C-F49B2579849D}"
EndProject
Project("{FAE04EC0-301F-11D3-BF4B-00C04F79EFBC}") = "Common.Tests.NUnit", "..\..\UnitTests\Common\Common.Tests.NUnit.csproj", "{02FC8CE2-2CB3-41B6-8516-0A27B99708A9}"
EndProject
Project("{FAE04EC0-301F-11D3-BF4B-00C04F79EFBC}") = "Logging.Tests.NUnit", "..\..\UnitTests\Logging\Logging.Tests.NUnit.csproj", "{4804DAD4-EE9C-45E4-A151-DCDE6D06EB61}"
EndProject
Project("{FAE04EC0-301F-11D3-BF4B-00C04F79EFBC}") = "ExceptionHandling.Tests.NUnit", "..\..\UnitTests\ExceptionHandling\ExceptionHandling.Tests.NUnit.csproj", "{708C6E4C-1380-44A6-ABE9-0C25E633AD85}"
EndProject
Project("{FAE04EC0-301F-11D3-BF4B-00C04F79EFBC}") = "ExceptionHandling.Logging.Tests.NUnit", "..\..\UnitTests\ExceptionHandling\Logging\ExceptionHandling.Logging.Tests.NUnit.csproj", "{5179BF96-3EDA-43DD-A636-D98E4C7BE7BC}"
EndProject
Global
	GlobalSection(SolutionConfigurationPlatforms) = preSolution
		Debug|Any CPU = Debug|Any CPU
		Release|Any CPU = Release|Any CPU
	EndGlobalSection
	GlobalSection(ProjectConfigurationPlatforms) = postSolution
		{2DB0AD6D-BF59-4EBB-9F99-49ABD8539FD2}.Debug|Any CPU.ActiveCfg = Debug|Any CPU
		{2DB0AD6D-BF59-4EBB-9F99-49ABD8539FD2}.Debug|Any CPU.Build.0 = Debug|Any CPU
		{2DB0AD6D-BF59-4EBB-9F99-49ABD8539FD2}.Release|Any CPU.ActiveCfg = Release|Any CPU
		{2DB0AD6D-BF59-4EBB-9F99-49ABD8539FD2}.Release|Any CPU.Build.0 = Release|Any CPU
		{6AC97717-899D-4F72-BC5B-2C37959CD4FF}.Debug|Any CPU.ActiveCfg = Debug|Any CPU
		{6AC97717-899D-4F72-BC5B-2C37959CD4FF}.Debug|Any CPU.Build.0 = Debug|Any CPU
		{6AC97717-899D-4F72-BC5B-2C37959CD4FF}.Release|Any CPU.ActiveCfg = Release|Any CPU
		{6AC97717-899D-4F72-BC5B-2C37959CD4FF}.Release|Any CPU.Build.0 = Release|Any CPU
		{EC311AD3-0A26-4808-901B-A983E97E5790}.Debug|Any CPU.ActiveCfg = Debug|Any CPU
		{EC311AD3-0A26-4808-901B-A983E97E5790}.Debug|Any CPU.Build.0 = Debug|Any CPU
		{EC311AD3-0A26-4808-901B-A983E97E5790}.Release|Any CPU.ActiveCfg = Release|Any CPU
		{EC311AD3-0A26-4808-901B-A983E97E5790}.Release|Any CPU.Build.0 = Release|Any CPU
		{A09297C8-2C40-470B-8856-D856676DDFFA}.Debug|Any CPU.ActiveCfg = Debug|Any CPU
		{A09297C8-2C40-470B-8856-D856676DDFFA}.Debug|Any CPU.Build.0 = Debug|Any CPU
		{A09297C8-2C40-470B-8856-D856676DDFFA}.Release|Any CPU.ActiveCfg = Release|Any CPU
		{A09297C8-2C40-470B-8856-D856676DDFFA}.Release|Any CPU.Build.0 = Release|Any CPU
		{2AE49F19-392B-4C50-A13C-F49B2579849D}.Debug|Any CPU.ActiveCfg = Debug|Any CPU
		{2AE49F19-392B-4C50-A13C-F49B2579849D}.Debug|Any CPU.Build.0 = Debug|Any CPU
		{2AE49F19-392B-4C50-A13C-F49B2579849D}.Release|Any CPU.ActiveCfg = Release|Any CPU
		{2AE49F19-392B-4C50-A13C-F49B2579849D}.Release|Any CPU.Build.0 = Release|Any CPU
		{02FC8CE2-2CB3-41B6-8516-0A27B99708A9}.Debug|Any CPU.ActiveCfg = Debug|Any CPU
		{02FC8CE2-2CB3-41B6-8516-0A27B99708A9}.Debug|Any CPU.Build.0 = Debug|Any CPU
		{02FC8CE2-2CB3-41B6-8516-0A27B99708A9}.Release|Any CPU.ActiveCfg = Release|Any CPU
		{02FC8CE2-2CB3-41B6-8516-0A27B99708A9}.Release|Any CPU.Build.0 = Release|Any CPU
		{4804DAD4-EE9C-45E4-A151-DCDE6D06EB61}.Debug|Any CPU.ActiveCfg = Debug|Any CPU
		{4804DAD4-EE9C-45E4-A151-DCDE6D06EB61}.Debug|Any CPU.Build.0 = Debug|Any CPU
		{4804DAD4-EE9C-45E4-A151-DCDE6D06EB61}.Release|Any CPU.ActiveCfg = Release|Any CPU
		{4804DAD4-EE9C-45E4-A151-DCDE6D06EB61}.Release|Any CPU.Build.0 = Release|Any CPU
		{708C6E4C-1380-44A6-ABE9-0C25E633AD85}.Debug|Any CPU.ActiveCfg = Debug|Any CPU
		{708C6E4C-1380-44A6-ABE9-0C25E633AD85}.Debug|Any CPU.Build.0 = Debug|Any CPU
		{708C6E4C-1380-44A6-ABE9-0C25E633AD85}.Release|Any CPU.ActiveCfg = Release|Any CPU
		{708C6E4C-1380-44A6-ABE9-0C25E633AD85}.Release|Any CPU.Build.0 = Release|Any CPU
		{5179BF96-3EDA-43DD-A636-D98E4C7BE7BC}.Debug|Any CPU.ActiveCfg = Debug|Any CPU
		{5179BF96-3EDA-43DD-A636-D98E4C7BE7BC}.Debug|Any CPU.Build.0 = Debug|Any CPU
		{5179BF96-3EDA-43DD-A636-D98E4C7BE7BC}.Release|Any CPU.ActiveCfg = Release|Any CPU
		{5179BF96-3EDA-43DD-A636-D98E4C7BE7BC}.Release|Any CPU.Build.0 = Release|Any CPU
	EndGlobalSection
	GlobalSection(SolutionProperties) = preSolution
		HideSolutionNode = FALSE
	EndGlobalSection
	GlobalSection(NestedProjects) = preSolution
		{DCC5D994-8B8A-49D3-A32B-C3E512670CEA} = {F4120CFD-499B-408B-BCE7-418E62C2C35C}
		{2DB0AD6D-BF59-4EBB-9F99-49ABD8539FD2} = {F4120CFD-499B-408B-BCE7-418E62C2C35C}
		{EC311AD3-0A26-4808-901B-A983E97E5790} = {F4120CFD-499B-408B-BCE7-418E62C2C35C}
		{BA5DCED7-794F-4379-8958-44F0D6F75232} = {AA95E382-285C-40E9-9097-0CC0818B7466}
		{6AC97717-899D-4F72-BC5B-2C37959CD4FF} = {AA95E382-285C-40E9-9097-0CC0818B7466}
		{A09297C8-2C40-470B-8856-D856676DDFFA} = {AA95E382-285C-40E9-9097-0CC0818B7466}
		{2AE49F19-392B-4C50-A13C-F49B2579849D} = {AA95E382-285C-40E9-9097-0CC0818B7466}
		{02FC8CE2-2CB3-41B6-8516-0A27B99708A9} = {BA5DCED7-794F-4379-8958-44F0D6F75232}
		{4804DAD4-EE9C-45E4-A151-DCDE6D06EB61} = {BA5DCED7-794F-4379-8958-44F0D6F75232}
		{708C6E4C-1380-44A6-ABE9-0C25E633AD85} = {DCC5D994-8B8A-49D3-A32B-C3E512670CEA}
		{5179BF96-3EDA-43DD-A636-D98E4C7BE7BC} = {DCC5D994-8B8A-49D3-A32B-C3E512670CEA}
	EndGlobalSection
EndGlobal
